{
  "name": "print-table",
  "version": "1.0.1",
  "lockfileVersion": 1,
  "requires": true,
  "dependencies": {
    "gf-js": {
      "version": "1.1.2",
      "resolved": "https://registry.npmjs.org/gf-js/-/gf-js-1.1.2.tgz",
      "integrity": "sha512-WjDOa4/c/ZlPxj0PPMfl7/Dt9DTPw7aWw2zEValXOsBMeFiArX5fHjXkIsGu3pNR7RjqWM2a8UA2eJSJqDq2Gg=="
    }
  }
}
